
Microsoft Visual Studio Solution File, Format Version 12.00
# Visual Studio Version 17
VisualStudioVersion = 17.3.32929.385
MinimumVisualStudioVersion = 10.0.40219.1
Project("{9A19103F-16F7-4668-BE54-9A1E7A4F7556}") = "Gie.Api", "Gie.Api\Gie.Api.csproj", "{71579622-BBE9-4FDA-A21C-DD6B27D5D908}"
EndProject
Project("{9A19103F-16F7-4668-BE54-9A1E7A4F7556}") = "Gie.Test", "Gie.Test\Gie.Test.csproj", "{A0902013-C070-4EA4-B940-A1DD9062F334}"
EndProject
Project("{2150E333-8FDC-42A3-9474-1A3956D46DE8}") = "Gie_Sources", "Gie_Sources", "{7D4A57F9-576C-4165-93C1-2D8C93A5D953}"
EndProject
Project("{2150E333-8FDC-42A3-9474-1A3956D46DE8}") = "Gie_Tests", "Gie_Tests", "{30E1B802-07E4-4E3A-95DD-0CB17F42A8C8}"
EndProject
Project("{2150E333-8FDC-42A3-9474-1A3956D46DE8}") = "Api", "Api", "{389FB786-2B41-4EFF-A22E-38A109A62D74}"
EndProject
Project("{2150E333-8FDC-42A3-9474-1A3956D46DE8}") = "Application", "Application", "{7DFA2DA3-11C1-4063-B07E-62E4D51452AB}"
EndProject
Project("{2150E333-8FDC-42A3-9474-1A3956D46DE8}") = "Data", "Data", "{2031DE25-E850-4496-8DF8-2F532DD7EF80}"
EndProject
Project("{2150E333-8FDC-42A3-9474-1A3956D46DE8}") = "Domain", "Domain", "{D1C2DAE0-38D6-4093-A4DA-68EEFD37E886}"
EndProject
Project("{2150E333-8FDC-42A3-9474-1A3956D46DE8}") = "Features", "Features", "{6B130B50-6DF6-4A2B-819F-9F0ED573C94D}"
EndProject
Project("{2150E333-8FDC-42A3-9474-1A3956D46DE8}") = "Ioc", "Ioc", "{F5D81645-1B33-4857-ACEA-E1E4460F5C3D}"
EndProject
Project("{9A19103F-16F7-4668-BE54-9A1E7A4F7556}") = "Gie.Domain", "Gie.Domain\Gie.Domain.csproj", "{2CE820DF-F826-48EA-97B2-0B19D0DE7540}"
EndProject
Project("{9A19103F-16F7-4668-BE54-9A1E7A4F7556}") = "Gie.Application", "Gie.Application\Gie.Application.csproj", "{B029F5BE-1342-42CC-AB0E-1A0D3D297C16}"
EndProject
Project("{9A19103F-16F7-4668-BE54-9A1E7A4F7556}") = "Gie.Features", "Gie.Features\Gie.Features.csproj", "{C5EA25F3-0F89-4D39-89CB-81B4BC0A603B}"
EndProject
Project("{9A19103F-16F7-4668-BE54-9A1E7A4F7556}") = "Gie.Data", "Gie.Data\Gie.Data.csproj", "{5D30A0E9-5F57-4320-A638-660E60126566}"
EndProject
Project("{9A19103F-16F7-4668-BE54-9A1E7A4F7556}") = "Gie.Ioc", "Gie.Ioc\Gie.Ioc.csproj", "{45104027-4DFC-4B09-AF3B-4825ABFB45A9}"
EndProject
Global
	GlobalSection(SolutionConfigurationPlatforms) = preSolution
		Debug|Any CPU = Debug|Any CPU
		Release|Any CPU = Release|Any CPU
	EndGlobalSection
	GlobalSection(ProjectConfigurationPlatforms) = postSolution
		{71579622-BBE9-4FDA-A21C-DD6B27D5D908}.Debug|Any CPU.ActiveCfg = Debug|Any CPU
		{71579622-BBE9-4FDA-A21C-DD6B27D5D908}.Debug|Any CPU.Build.0 = Debug|Any CPU
		{71579622-BBE9-4FDA-A21C-DD6B27D5D908}.Release|Any CPU.ActiveCfg = Release|Any CPU
		{71579622-BBE9-4FDA-A21C-DD6B27D5D908}.Release|Any CPU.Build.0 = Release|Any CPU
		{A0902013-C070-4EA4-B940-A1DD9062F334}.Debug|Any CPU.ActiveCfg = Debug|Any CPU
		{A0902013-C070-4EA4-B940-A1DD9062F334}.Debug|Any CPU.Build.0 = Debug|Any CPU
		{A0902013-C070-4EA4-B940-A1DD9062F334}.Release|Any CPU.ActiveCfg = Release|Any CPU
		{A0902013-C070-4EA4-B940-A1DD9062F334}.Release|Any CPU.Build.0 = Release|Any CPU
		{2CE820DF-F826-48EA-97B2-0B19D0DE7540}.Debug|Any CPU.ActiveCfg = Debug|Any CPU
		{2CE820DF-F826-48EA-97B2-0B19D0DE7540}.Debug|Any CPU.Build.0 = Debug|Any CPU
		{2CE820DF-F826-48EA-97B2-0B19D0DE7540}.Release|Any CPU.ActiveCfg = Release|Any CPU
		{2CE820DF-F826-48EA-97B2-0B19D0DE7540}.Release|Any CPU.Build.0 = Release|Any CPU
		{B029F5BE-1342-42CC-AB0E-1A0D3D297C16}.Debug|Any CPU.ActiveCfg = Debug|Any CPU
		{B029F5BE-1342-42CC-AB0E-1A0D3D297C16}.Debug|Any CPU.Build.0 = Debug|Any CPU
		{B029F5BE-1342-42CC-AB0E-1A0D3D297C16}.Release|Any CPU.ActiveCfg = Release|Any CPU
		{B029F5BE-1342-42CC-AB0E-1A0D3D297C16}.Release|Any CPU.Build.0 = Release|Any CPU
		{C5EA25F3-0F89-4D39-89CB-81B4BC0A603B}.Debug|Any CPU.ActiveCfg = Debug|Any CPU
		{C5EA25F3-0F89-4D39-89CB-81B4BC0A603B}.Debug|Any CPU.Build.0 = Debug|Any CPU
		{C5EA25F3-0F89-4D39-89CB-81B4BC0A603B}.Release|Any CPU.ActiveCfg = Release|Any CPU
		{C5EA25F3-0F89-4D39-89CB-81B4BC0A603B}.Release|Any CPU.Build.0 = Release|Any CPU
		{5D30A0E9-5F57-4320-A638-660E60126566}.Debug|Any CPU.ActiveCfg = Debug|Any CPU
		{5D30A0E9-5F57-4320-A638-660E60126566}.Debug|Any CPU.Build.0 = Debug|Any CPU
		{5D30A0E9-5F57-4320-A638-660E60126566}.Release|Any CPU.ActiveCfg = Release|Any CPU
		{5D30A0E9-5F57-4320-A638-660E60126566}.Release|Any CPU.Build.0 = Release|Any CPU
		{45104027-4DFC-4B09-AF3B-4825ABFB45A9}.Debug|Any CPU.ActiveCfg = Debug|Any CPU
		{45104027-4DFC-4B09-AF3B-4825ABFB45A9}.Debug|Any CPU.Build.0 = Debug|Any CPU
		{45104027-4DFC-4B09-AF3B-4825ABFB45A9}.Release|Any CPU.ActiveCfg = Release|Any CPU
		{45104027-4DFC-4B09-AF3B-4825ABFB45A9}.Release|Any CPU.Build.0 = Release|Any CPU
		{6A4FAE5B-BAEF-4D80-B026-5D1DF81D3CB0}.Debug|Any CPU.ActiveCfg = Debug|Any CPU
		{6A4FAE5B-BAEF-4D80-B026-5D1DF81D3CB0}.Debug|Any CPU.Build.0 = Debug|Any CPU
		{6A4FAE5B-BAEF-4D80-B026-5D1DF81D3CB0}.Release|Any CPU.ActiveCfg = Release|Any CPU
		{6A4FAE5B-BAEF-4D80-B026-5D1DF81D3CB0}.Release|Any CPU.Build.0 = Release|Any CPU
	EndGlobalSection
	GlobalSection(SolutionProperties) = preSolution
		HideSolutionNode = FALSE
	EndGlobalSection
	GlobalSection(NestedProjects) = preSolution
		{71579622-BBE9-4FDA-A21C-DD6B27D5D908} = {389FB786-2B41-4EFF-A22E-38A109A62D74}
		{A0902013-C070-4EA4-B940-A1DD9062F334} = {30E1B802-07E4-4E3A-95DD-0CB17F42A8C8}
		{389FB786-2B41-4EFF-A22E-38A109A62D74} = {7D4A57F9-576C-4165-93C1-2D8C93A5D953}
		{7DFA2DA3-11C1-4063-B07E-62E4D51452AB} = {7D4A57F9-576C-4165-93C1-2D8C93A5D953}
		{2031DE25-E850-4496-8DF8-2F532DD7EF80} = {7D4A57F9-576C-4165-93C1-2D8C93A5D953}
		{D1C2DAE0-38D6-4093-A4DA-68EEFD37E886} = {7D4A57F9-576C-4165-93C1-2D8C93A5D953}
		{6B130B50-6DF6-4A2B-819F-9F0ED573C94D} = {7D4A57F9-576C-4165-93C1-2D8C93A5D953}
		{F5D81645-1B33-4857-ACEA-E1E4460F5C3D} = {7D4A57F9-576C-4165-93C1-2D8C93A5D953}
		{2CE820DF-F826-48EA-97B2-0B19D0DE7540} = {D1C2DAE0-38D6-4093-A4DA-68EEFD37E886}
		{B029F5BE-1342-42CC-AB0E-1A0D3D297C16} = {7DFA2DA3-11C1-4063-B07E-62E4D51452AB}
		{C5EA25F3-0F89-4D39-89CB-81B4BC0A603B} = {6B130B50-6DF6-4A2B-819F-9F0ED573C94D}
		{5D30A0E9-5F57-4320-A638-660E60126566} = {2031DE25-E850-4496-8DF8-2F532DD7EF80}
		{45104027-4DFC-4B09-AF3B-4825ABFB45A9} = {F5D81645-1B33-4857-ACEA-E1E4460F5C3D}
	EndGlobalSection
	GlobalSection(ExtensibilityGlobals) = postSolution
		SolutionGuid = {72BE70B1-6CD6-4C54-8C7D-E5015A6D6591}
	EndGlobalSection
EndGlobal
